packages:
  - package: fivetran/fivetran_log
    version: 1.9.1
  - package: fivetran/fivetran_utils
    version: 0.4.10
  - package: dbt-labs/spark_utils
    version: 0.3.0
  - package: calogica/dbt_date
    version: 0.10.1
  - package: dbt-labs/dbt_utils
    version: 1.3.0
sha1_hash: 128ff26bd51f5531791a4864b3e70d109f984641
